# THIS IS AN AUTOGENERATED FILE. DO NOT EDIT THIS FILE DIRECTLY.
# yarn lockfile v1


"@babel/runtime@^7.1.2", "@babel/runtime@^7.2.0", "@babel/runtime@^7.21.0", "@babel/runtime@^7.3.1", "@babel/runtime@^7.4.4", "@babel/runtime@^7.5.5", "@babel/runtime@^7.8.3", "@babel/runtime@^7.8.7", "@babel/runtime@^7.9.2":
  version "7.21.0"
  resolved "https://registry.yarnpkg.com/@babel/runtime/-/runtime-7.21.0.tgz#5b55c9d394e5fcf304909a8b00c07dc217b56673"
  integrity sha512-xwII0//EObnq89Ji5AKYQaRYiW/nZ3llSv29d49IuxPhKbtJoLP+9QUUZ4nVragQVtaVGeZrpB+ZtG/Pdy/POw==
  dependencies:
    regenerator-runtime "^0.13.11"

"@emotion/cache@^11.10.5":
  version "11.10.5"
  resolved "https://registry.yarnpkg.com/@emotion/cache/-/cache-11.10.5.tgz#c142da9351f94e47527ed458f7bbbbe40bb13c12"
  integrity sha512-dGYHWyzTdmK+f2+EnIGBpkz1lKc4Zbj2KHd4cX3Wi8/OWr5pKslNjc3yABKH4adRGCvSX4VDC0i04mrrq0aiRA==
  dependencies:
    "@emotion/memoize" "^0.8.0"
    "@emotion/sheet" "^1.2.1"
    "@emotion/utils" "^1.2.0"
    "@emotion/weak-memoize" "^0.3.0"
    stylis "4.1.3"

"@emotion/hash@^0.8.0":
  version "0.8.0"
  resolved "https://registry.yarnpkg.com/@emotion/hash/-/hash-0.8.0.tgz#bbbff68978fefdbe68ccb533bc8cbe1d1afb5413"
  integrity sha512-kBJtf7PH6aWwZ6fka3zQ0p6SBYzx4fl1LoZXE2RrnYST9Xljm7WfKJrU4g/Xr3Beg72MLrp1AWNUmuYJTL7Cow==

"@emotion/is-prop-valid@^1.2.0":
  version "1.2.0"
  resolved "https://registry.yarnpkg.com/@emotion/is-prop-valid/-/is-prop-valid-1.2.0.tgz#7f2d35c97891669f7e276eb71c83376a5dc44c83"
  integrity sha512-3aDpDprjM0AwaxGE09bOPkNxHpBd+kA6jty3RnaEXdweX1DF1U3VQpPYb0g1IStAuK7SVQ1cy+bNBBKp4W3Fjg==
  dependencies:
    "@emotion/memoize" "^0.8.0"

"@emotion/memoize@^0.8.0":
  version "0.8.0"
  resolved "https://registry.yarnpkg.com/@emotion/memoize/-/memoize-0.8.0.tgz#f580f9beb67176fa57aae70b08ed510e1b18980f"
  integrity sha512-G/YwXTkv7Den9mXDO7AhLWkE3q+I92B+VqAE+dYG4NGPaHZGvt3G8Q0p9vmE+sq7rTGphUbAvmQ9YpbfMQGGlA==

"@emotion/sheet@^1.2.1":
  version "1.2.1"
  resolved "https://registry.yarnpkg.com/@emotion/sheet/-/sheet-1.2.1.tgz#0767e0305230e894897cadb6c8df2c51e61a6c2c"
  integrity sha512-zxRBwl93sHMsOj4zs+OslQKg/uhF38MB+OMKoCrVuS0nyTkqnau+BM3WGEoOptg9Oz45T/aIGs1qbVAsEFo3nA==

"@emotion/utils@^1.2.0":
  version "1.2.0"
  resolved "https://registry.yarnpkg.com/@emotion/utils/-/utils-1.2.0.tgz#9716eaccbc6b5ded2ea5a90d65562609aab0f561"
  integrity sha512-sn3WH53Kzpw8oQ5mgMmIzzyAaH2ZqFEbozVVBSYp538E06OSE6ytOp7pRAjNQR+Q/orwqdQYJSe2m3hCOeznkw==

"@emotion/weak-memoize@^0.3.0":
  version "0.3.0"
  resolved "https://registry.yarnpkg.com/@emotion/weak-memoize/-/weak-memoize-0.3.0.tgz#ea89004119dc42db2e1dba0f97d553f7372f6fcb"
  integrity sha512-AHPmaAx+RYfZz0eYu6Gviiagpmiyw98ySSlQvCUhVGDRtDFe4DBS0x1bSjdF3gqUDYOczB+yYvBTtEylYSdRhg==

"@material-ui/core@^4.12.4":
  version "4.12.4"
  resolved "https://registry.yarnpkg.com/@material-ui/core/-/core-4.12.4.tgz#4ac17488e8fcaf55eb6a7f5efb2a131e10138a73"
  integrity sha512-tr7xekNlM9LjA6pagJmL8QCgZXaubWUwkJnoYcMKd4gw/t4XiyvnTkjdGrUVicyB2BsdaAv1tvow45bPM4sSwQ==
  dependencies:
    "@babel/runtime" "^7.4.4"
    "@material-ui/styles" "^4.11.5"
    "@material-ui/system" "^4.12.2"
    "@material-ui/types" "5.1.0"
    "@material-ui/utils" "^4.11.3"
    "@types/react-transition-group" "^4.2.0"
    clsx "^1.0.4"
    hoist-non-react-statics "^3.3.2"
    popper.js "1.16.1-lts"
    prop-types "^15.7.2"
    react-is "^16.8.0 || ^17.0.0"
    react-transition-group "^4.4.0"

"@material-ui/lab@^4.0.0-alpha.61":
  version "4.0.0-alpha.61"
  resolved "https://registry.yarnpkg.com/@material-ui/lab/-/lab-4.0.0-alpha.61.tgz#9bf8eb389c0c26c15e40933cc114d4ad85e3d978"
  integrity sha512-rSzm+XKiNUjKegj8bzt5+pygZeckNLOr+IjykH8sYdVk7dE9y2ZuUSofiMV2bJk3qU+JHwexmw+q0RyNZB9ugg==
  dependencies:
    "@babel/runtime" "^7.4.4"
    "@material-ui/utils" "^4.11.3"
    clsx "^1.0.4"
    prop-types "^15.7.2"
    react-is "^16.8.0 || ^17.0.0"

"@material-ui/styles@^4.11.5":
  version "4.11.5"
  resolved "https://registry.yarnpkg.com/@material-ui/styles/-/styles-4.11.5.tgz#19f84457df3aafd956ac863dbe156b1d88e2bbfb"
  integrity sha512-o/41ot5JJiUsIETME9wVLAJrmIWL3j0R0Bj2kCOLbSfqEkKf0fmaPt+5vtblUh5eXr2S+J/8J3DaCb10+CzPGA==
  dependencies:
    "@babel/runtime" "^7.4.4"
    "@emotion/hash" "^0.8.0"
    "@material-ui/types" "5.1.0"
    "@material-ui/utils" "^4.11.3"
    clsx "^1.0.4"
    csstype "^2.5.2"
    hoist-non-react-statics "^3.3.2"
    jss "^10.5.1"
    jss-plugin-camel-case "^10.5.1"
    jss-plugin-default-unit "^10.5.1"
    jss-plugin-global "^10.5.1"
    jss-plugin-nested "^10.5.1"
    jss-plugin-props-sort "^10.5.1"
    jss-plugin-rule-value-function "^10.5.1"
    jss-plugin-vendor-prefixer "^10.5.1"
    prop-types "^15.7.2"

"@material-ui/system@^4.12.2":
  version "4.12.2"
  resolved "https://registry.yarnpkg.com/@material-ui/system/-/system-4.12.2.tgz#f5c389adf3fce4146edd489bf4082d461d86aa8b"
  integrity sha512-6CSKu2MtmiJgcCGf6nBQpM8fLkuB9F55EKfbdTC80NND5wpTmKzwdhLYLH3zL4cLlK0gVaaltW7/wMuyTnN0Lw==
  dependencies:
    "@babel/runtime" "^7.4.4"
    "@material-ui/utils" "^4.11.3"
    csstype "^2.5.2"
    prop-types "^15.7.2"

"@material-ui/types@5.1.0":
  version "5.1.0"
  resolved "https://registry.yarnpkg.com/@material-ui/types/-/types-5.1.0.tgz#efa1c7a0b0eaa4c7c87ac0390445f0f88b0d88f2"
  integrity sha512-7cqRjrY50b8QzRSYyhSpx4WRw2YuO0KKIGQEVk5J8uoz2BanawykgZGoWEqKm7pVIbzFDN0SpPcVV4IhOFkl8A==

"@material-ui/utils@^4.11.3":
  version "4.11.3"
  resolved "https://registry.yarnpkg.com/@material-ui/utils/-/utils-4.11.3.tgz#232bd86c4ea81dab714f21edad70b7fdf0253942"
  integrity sha512-ZuQPV4rBK/V1j2dIkSSEcH5uT6AaHuKWFfotADHsC0wVL1NLd2WkFCm4ZZbX33iO4ydl6V0GPngKm8HZQ2oujg==
  dependencies:
    "@babel/runtime" "^7.4.4"
    prop-types "^15.7.2"
    react-is "^16.8.0 || ^17.0.0"

"@mui/base@5.0.0-alpha.119":
  version "5.0.0-alpha.119"
  resolved "https://registry.yarnpkg.com/@mui/base/-/base-5.0.0-alpha.119.tgz#923e148ceb84898fdd28da069b7c42635053c128"
  integrity sha512-XA5zhlYfXi67u613eIF0xRmktkatx6ERy3h+PwrMN5IcWFbgiL1guz8VpdXON+GWb8+G7B8t5oqTFIaCqaSAeA==
  dependencies:
    "@babel/runtime" "^7.21.0"
    "@emotion/is-prop-valid" "^1.2.0"
    "@mui/types" "^7.2.3"
    "@mui/utils" "^5.11.11"
    "@popperjs/core" "^2.11.6"
    clsx "^1.2.1"
    prop-types "^15.8.1"
    react-is "^18.2.0"

"@mui/core-downloads-tracker@^5.11.12":
  version "5.11.12"
  resolved "https://registry.yarnpkg.com/@mui/core-downloads-tracker/-/core-downloads-tracker-5.11.12.tgz#b2ea89ba71321a79c89dfb6b2a1b1886dc7de6e4"
  integrity sha512-LHh8HZQ5nPVcW5QnyLwkAZ40txc/S2bzKMQ3bTO+5mjuwAJ2AzQrjZINLVy1geY7ei1pHXVqO1hcWHg/QdT44w==

"@mui/material@^5.11.12":
  version "5.11.12"
  resolved "https://registry.yarnpkg.com/@mui/material/-/material-5.11.12.tgz#b113c854fb1bb0aa473686a36a92322c6c754121"
  integrity sha512-M6BiIeJjySeEzWeiFJQ9pIjJy6mx5mHPWeMT99wjQdAmA2GxCQhE9A0fh6jQP4jMmYzxhOIhjsGcp0vSdpseXg==
  dependencies:
    "@babel/runtime" "^7.21.0"
    "@mui/base" "5.0.0-alpha.119"
    "@mui/core-downloads-tracker" "^5.11.12"
    "@mui/system" "^5.11.12"
    "@mui/types" "^7.2.3"
    "@mui/utils" "^5.11.12"
    "@types/react-transition-group" "^4.4.5"
    clsx "^1.2.1"
    csstype "^3.1.1"
    prop-types "^15.8.1"
    react-is "^18.2.0"
    react-transition-group "^4.4.5"

"@mui/private-theming@^5.11.12":
  version "5.11.12"
  resolved "https://registry.yarnpkg.com/@mui/private-theming/-/private-theming-5.11.12.tgz#07c60abac0547b89cc6ac68821c2366e8fab5389"
  integrity sha512-hnJ0svNI1TPeWZ18E6DvES8PB4NyMLwal6EyXf69rTrYqT6wZPLjB+HiCYfSOCqU/fwArhupSqIIkQpDs8CkAw==
  dependencies:
    "@babel/runtime" "^7.21.0"
    "@mui/utils" "^5.11.12"
    prop-types "^15.8.1"

"@mui/styled-engine@^5.11.11":
  version "5.11.11"
  resolved "https://registry.yarnpkg.com/@mui/styled-engine/-/styled-engine-5.11.11.tgz#9084c331fdcff2210ec33adf37f34e94d67202e4"
  integrity sha512-wV0UgW4lN5FkDBXefN8eTYeuE9sjyQdg5h94vtwZCUamGQEzmCOtir4AakgmbWMy0x8OLjdEUESn9wnf5J9MOg==
  dependencies:
    "@babel/runtime" "^7.21.0"
    "@emotion/cache" "^11.10.5"
    csstype "^3.1.1"
    prop-types "^15.8.1"

"@mui/system@^5.11.12":
  version "5.11.12"
  resolved "https://registry.yarnpkg.com/@mui/system/-/system-5.11.12.tgz#e7234c4e73e9af2b8e985fbed048d8b274338561"
  integrity sha512-sYjsXkiwKpZDC3aS6O/6KTjji0jGINLQcrD5EJ5NTkIDiLf19I4HJhnufgKqlTWNfoDBlRohuTf3TzfM06c4ug==
  dependencies:
    "@babel/runtime" "^7.21.0"
    "@mui/private-theming" "^5.11.12"
    "@mui/styled-engine" "^5.11.11"
    "@mui/types" "^7.2.3"
    "@mui/utils" "^5.11.12"
    clsx "^1.2.1"
    csstype "^3.1.1"
    prop-types "^15.8.1"

"@mui/types@^7.2.3":
  version "7.2.3"
  resolved "https://registry.yarnpkg.com/@mui/types/-/types-7.2.3.tgz#06faae1c0e2f3a31c86af6f28b3a4a42143670b9"
  integrity sha512-tZ+CQggbe9Ol7e/Fs5RcKwg/woU+o8DCtOnccX6KmbBc7YrfqMYEYuaIcXHuhpT880QwNkZZ3wQwvtlDFA2yOw==

"@mui/utils@^5.11.11", "@mui/utils@^5.11.12":
  version "5.11.12"
  resolved "https://registry.yarnpkg.com/@mui/utils/-/utils-5.11.12.tgz#627f491c0e7267398590af5e6cb14b306170d914"
  integrity sha512-5vH9B/v8pzkpEPO2HvGM54ToXV6cFdAn8UrvdN8TMEEwpn/ycW0jLiyBcgUlPsQ+xha7hqXCPQYHaYFDIcwaiw==
  dependencies:
    "@babel/runtime" "^7.21.0"
    "@types/prop-types" "^15.7.5"
    "@types/react-is" "^16.7.1 || ^17.0.0"
    prop-types "^15.8.1"
    react-is "^18.2.0"

"@popperjs/core@^2.11.6":
  version "2.11.6"
  resolved "https://registry.yarnpkg.com/@popperjs/core/-/core-2.11.6.tgz#cee20bd55e68a1720bdab363ecf0c821ded4cd45"
  integrity sha512-50/17A98tWUfQ176raKiOGXuYpLyyVMkxxG6oylzL3BPOlA6ADGdK7EYunSa4I064xerltq9TGXs8HmOk5E+vw==

"@types/prop-types@*", "@types/prop-types@^15.7.5":
  version "15.7.5"
  resolved "https://registry.yarnpkg.com/@types/prop-types/-/prop-types-15.7.5.tgz#5f19d2b85a98e9558036f6a3cacc8819420f05cf"
  integrity sha512-JCB8C6SnDoQf0cNycqd/35A7MjcnK+ZTqE7judS6o7utxUCg6imJg3QK2qzHKszlTjcj2cn+NwMB2i96ubpj7w==

"@types/react-is@^16.7.1 || ^17.0.0":
  version "17.0.3"
  resolved "https://registry.yarnpkg.com/@types/react-is/-/react-is-17.0.3.tgz#2d855ba575f2fc8d17ef9861f084acc4b90a137a"
  integrity sha512-aBTIWg1emtu95bLTLx0cpkxwGW3ueZv71nE2YFBpL8k/z5czEW8yYpOo8Dp+UUAFAtKwNaOsh/ioSeQnWlZcfw==
  dependencies:
    "@types/react" "*"

"@types/react-transition-group@^4.2.0", "@types/react-transition-group@^4.4.5":
  version "4.4.5"
  resolved "https://registry.yarnpkg.com/@types/react-transition-group/-/react-transition-group-4.4.5.tgz#aae20dcf773c5aa275d5b9f7cdbca638abc5e416"
  integrity sha512-juKD/eiSM3/xZYzjuzH6ZwpP+/lejltmiS3QEzV/vmb/Q8+HfDmxu+Baga8UEMGBqV88Nbg4l2hY/K2DkyaLLA==
  dependencies:
    "@types/react" "*"

"@types/react@*":
  version "18.0.28"
  resolved "https://registry.yarnpkg.com/@types/react/-/react-18.0.28.tgz#accaeb8b86f4908057ad629a26635fe641480065"
  integrity sha512-RD0ivG1kEztNBdoAK7lekI9M+azSnitIn85h4iOiaLjaTrMjzslhaqCGaI4IyCJ1RljWiLCEu4jyrLLgqxBTew==
  dependencies:
    "@types/prop-types" "*"
    "@types/scheduler" "*"
    csstype "^3.0.2"

"@types/scheduler@*":
  version "0.16.2"
  resolved "https://registry.yarnpkg.com/@types/scheduler/-/scheduler-0.16.2.tgz#1a62f89525723dde24ba1b01b092bf5df8ad4d39"
  integrity sha512-hppQEBDmlwhFAXKJX2KnWLYu5yMfi91yazPb2l+lbJiwW+wdo1gNeRA+3RgNSO39WYX2euey41KEwnqesU2Jew==

asap@~2.0.3:
  version "2.0.6"
  resolved "https://registry.yarnpkg.com/asap/-/asap-2.0.6.tgz#e50347611d7e690943208bbdafebcbc2fb866d46"
  integrity sha512-BSHWgDSAiKs50o2Re8ppvp3seVHXSRM44cdSsT9FfNEUUZLOGWVCsiWaRPWM1Znn+mqZ1OfVZ3z3DWEzSp7hRA==

asynckit@^0.4.0:
  version "0.4.0"
  resolved "https://registry.yarnpkg.com/asynckit/-/asynckit-0.4.0.tgz#c79ed97f7f34cb8f2ba1bc9790bcc366474b4b79"
  integrity sha512-Oei9OH4tRh0YqU3GxhX79dM/mwVgvbZJaSNaRk+bshkj0S5cfHcgYakreBjrHwatXKbz+IoIdYLxrKim2MjW0Q==

axios@^1.3.4:
  version "1.3.4"
  resolved "https://registry.yarnpkg.com/axios/-/axios-1.3.4.tgz#f5760cefd9cfb51fd2481acf88c05f67c4523024"
  integrity sha512-toYm+Bsyl6VC5wSkfkbbNB6ROv7KY93PEBBL6xyDczaIHasAiv4wPqQ/c4RjoQzipxRD2W5g21cOqQulZ7rHwQ==
  dependencies:
    follow-redirects "^1.15.0"
    form-data "^4.0.0"
    proxy-from-env "^1.1.0"

babel-runtime@^6.23.0:
  version "6.26.0"
  resolved "https://registry.yarnpkg.com/babel-runtime/-/babel-runtime-6.26.0.tgz#965c7058668e82b55d7bfe04ff2337bc8b5647fe"
  integrity sha512-ITKNuq2wKlW1fJg9sSW52eepoYgZBggvOAHC0u/CYu/qxQ9EVzThCgR69BnSXLHjy2f7SY5zaQ4yt7H9ZVxY2g==
  dependencies:
    core-js "^2.4.0"
    regenerator-runtime "^0.11.0"

bowser@^1.7.3:
  version "1.9.4"
  resolved "https://registry.yarnpkg.com/bowser/-/bowser-1.9.4.tgz#890c58a2813a9d3243704334fa81b96a5c150c9a"
  integrity sha512-9IdMmj2KjigRq6oWhmwv1W36pDuA4STQZ8q6YO9um+x07xgYNCD3Oou+WP/3L1HNz7iqythGet3/p4wvc8AAwQ==

chain-function@^1.0.0:
  version "1.0.1"
  resolved "https://registry.yarnpkg.com/chain-function/-/chain-function-1.0.1.tgz#c63045e5b4b663fb86f1c6e186adaf1de402a1cc"
  integrity sha512-SxltgMwL9uCko5/ZCLiyG2B7R9fY4pDZUw7hJ4MhirdjBLosoDqkWABi3XMucddHdLiFJMb7PD2MZifZriuMTg==

change-emitter@^0.1.2:
  version "0.1.6"
  resolved "https://registry.yarnpkg.com/change-emitter/-/change-emitter-0.1.6.tgz#e8b2fe3d7f1ab7d69a32199aff91ea6931409515"
  integrity sha512-YXzt1cQ4a2jqazhcuSWEOc1K2q8g9H6eWNsyZgi640LDzRWVQ2eDe+Y/kVdftH+vYdPF2rgDb3dLdpxE1jvAxw==

clsx@^1.0.4, clsx@^1.2.1:
  version "1.2.1"
  resolved "https://registry.yarnpkg.com/clsx/-/clsx-1.2.1.tgz#0ddc4a20a549b59c93a4116bb26f5294ca17dc12"
  integrity sha512-EcR6r5a8bj6pu3ycsa/E/cKVGuTgZJZdsyUYHOksG/UHIiKfjxzRxYJpyVBwYaQeOvghal9fcc4PidlgzugAQg==

combined-stream@^1.0.8:
  version "1.0.8"
  resolved "https://registry.yarnpkg.com/combined-stream/-/combined-stream-1.0.8.tgz#c3d45a8b34fd730631a110a8a2520682b31d5a7f"
  integrity sha512-FQN4MRfuJeHf7cBbBMJFXhKSDq+2kAArBlmRBvcvFE5BB1HZKXtSFASDhdlz9zOYwxh8lDdnvmMOe/+5cdoEdg==
  dependencies:
    delayed-stream "~1.0.0"

core-js@^1.0.0:
  version "1.2.7"
  resolved "https://registry.yarnpkg.com/core-js/-/core-js-1.2.7.tgz#652294c14651db28fa93bd2d5ff2983a4f08c636"
  integrity sha512-ZiPp9pZlgxpWRu0M+YWbm6+aQ84XEfH1JRXvfOc/fILWI0VKhLC2LX13X1NYq4fULzLMq7Hfh43CSo2/aIaUPA==

core-js@^2.4.0:
  version "2.6.12"
  resolved "https://registry.yarnpkg.com/core-js/-/core-js-2.6.12.tgz#d9333dfa7b065e347cc5682219d6f690859cc2ec"
  integrity sha512-Kb2wC0fvsWfQrgk8HU5lW6U/Lcs8+9aaYcy4ZFc6DDlo4nZ7n70dEgE5rtR0oG6ufKDUnrwfWL1mXR5ljDatrQ==

css-in-js-utils@^2.0.0:
  version "2.0.1"
  resolved "https://registry.yarnpkg.com/css-in-js-utils/-/css-in-js-utils-2.0.1.tgz#3b472b398787291b47cfe3e44fecfdd9e914ba99"
  integrity sha512-PJF0SpJT+WdbVVt0AOYp9C8GnuruRlL/UFW7932nLWmFLQTaWEzTBQEx7/hn4BuV+WON75iAViSUJLiU3PKbpA==
  dependencies:
    hyphenate-style-name "^1.0.2"
    isobject "^3.0.1"

css-vendor@^2.0.8:
  version "2.0.8"
  resolved "https://registry.yarnpkg.com/css-vendor/-/css-vendor-2.0.8.tgz#e47f91d3bd3117d49180a3c935e62e3d9f7f449d"
  integrity sha512-x9Aq0XTInxrkuFeHKbYC7zWY8ai7qJ04Kxd9MnvbC1uO5DagxoHQjm4JvG+vCdXOoFtCjbL2XSZfxmoYa9uQVQ==
  dependencies:
    "@babel/runtime" "^7.8.3"
    is-in-browser "^1.0.2"

csstype@^2.5.2:
  version "2.6.21"
  resolved "https://registry.yarnpkg.com/csstype/-/csstype-2.6.21.tgz#2efb85b7cc55c80017c66a5ad7cbd931fda3a90e"
  integrity sha512-Z1PhmomIfypOpoMjRQB70jfvy/wxT50qW08YXO5lMIJkrdq4yOTR+AW7FqutScmB9NkLwxo+jU+kZLbofZZq/w==

csstype@^3.0.2, csstype@^3.1.1:
  version "3.1.1"
  resolved "https://registry.yarnpkg.com/csstype/-/csstype-3.1.1.tgz#841b532c45c758ee546a11d5bd7b7b473c8c30b9"
  integrity sha512-DJR/VvkAvSZW9bTouZue2sSxDwdTN92uHjqeKVm+0dAqdfNykRzQ95tay8aXMBAAPpUiq4Qcug2L7neoRh2Egw==

delayed-stream@~1.0.0:
  version "1.0.0"
  resolved "https://registry.yarnpkg.com/delayed-stream/-/delayed-stream-1.0.0.tgz#df3ae199acadfb7d440aaae0b29e2272b24ec619"
  integrity sha512-ZySD7Nf91aLB0RxL4KGrKHBXl7Eds1DAmEdcoVawXnLD7SDhpNgtuII2aAkg7a7QS41jxPSZ17p4VdGnMHk3MQ==

dom-helpers@^3.2.0:
  version "3.4.0"
  resolved "https://registry.yarnpkg.com/dom-helpers/-/dom-helpers-3.4.0.tgz#e9b369700f959f62ecde5a6babde4bccd9169af8"
  integrity sha512-LnuPJ+dwqKDIyotW1VzmOZ5TONUN7CwkCR5hrgawTUbkBGYdeoNLZo6nNfGkCrjtE1nXXaj7iMMpDa8/d9WoIA==
  dependencies:
    "@babel/runtime" "^7.1.2"

dom-helpers@^5.0.1:
  version "5.2.1"
  resolved "https://registry.yarnpkg.com/dom-helpers/-/dom-helpers-5.2.1.tgz#d9400536b2bf8225ad98fe052e029451ac40e902"
  integrity sha512-nRCa7CK3VTrM2NmGkIy4cbK7IZlgBE/PYMn55rrXefr5xXDP0LdtfPnblFDoVdcAfslJ7or6iqAUnx0CCGIWQA==
  dependencies:
    "@babel/runtime" "^7.8.7"
    csstype "^3.0.2"

encoding@^0.1.11:
  version "0.1.13"
  resolved "https://registry.yarnpkg.com/encoding/-/encoding-0.1.13.tgz#56574afdd791f54a8e9b2785c0582a2d26210fa9"
  integrity sha512-ETBauow1T35Y/WZMkio9jiM0Z5xjHHmJ4XmjZOq1l/dXz3lr2sRn87nJy20RupqSh1F2m3HHPSp8ShIPQJrJ3A==
  dependencies:
    iconv-lite "^0.6.2"

fbjs@^0.8.1:
  version "0.8.18"
  resolved "https://registry.yarnpkg.com/fbjs/-/fbjs-0.8.18.tgz#9835e0addb9aca2eff53295cd79ca1cfc7c9662a"
  integrity sha512-EQaWFK+fEPSoibjNy8IxUtaFOMXcWsY0JaVrQoZR9zC8N2Ygf9iDITPWjUTVIax95b6I742JFLqASHfsag/vKA==
  dependencies:
    core-js "^1.0.0"
    isomorphic-fetch "^2.1.1"
    loose-envify "^1.0.0"
    object-assign "^4.1.0"
    promise "^7.1.1"
    setimmediate "^1.0.5"
    ua-parser-js "^0.7.30"

follow-redirects@^1.15.0:
  version "1.15.2"
  resolved "https://registry.yarnpkg.com/follow-redirects/-/follow-redirects-1.15.2.tgz#b460864144ba63f2681096f274c4e57026da2c13"
  integrity sha512-VQLG33o04KaQ8uYi2tVNbdrWp1QWxNNea+nmIB4EVM28v0hmP17z7aG1+wAkNzVq4KeXTq3221ye5qTJP91JwA==

form-data@^4.0.0:
  version "4.0.0"
  resolved "https://registry.yarnpkg.com/form-data/-/form-data-4.0.0.tgz#93919daeaf361ee529584b9b31664dc12c9fa452"
  integrity sha512-ETEklSGi5t0QMZuiXoA/Q6vcnxcLQP5vdugSpuAyi6SVGi2clPPp+xgEhuMaHC+zGgn31Kd235W35f7Hykkaww==
  dependencies:
    asynckit "^0.4.0"
    combined-stream "^1.0.8"
    mime-types "^2.1.12"

hoist-non-react-statics@^2.3.1:
  version "2.5.5"
  resolved "https://registry.yarnpkg.com/hoist-non-react-statics/-/hoist-non-react-statics-2.5.5.tgz#c5903cf409c0dfd908f388e619d86b9c1174cb47"
  integrity sha512-rqcy4pJo55FTTLWt+bU8ukscqHeE/e9KWvsOW2b/a3afxQZhwkQdT1rPPCJ0rYXdj4vNcasY8zHTH+jF/qStxw==

hoist-non-react-statics@^3.3.2:
  version "3.3.2"
  resolved "https://registry.yarnpkg.com/hoist-non-react-statics/-/hoist-non-react-statics-3.3.2.tgz#ece0acaf71d62c2969c2ec59feff42a4b1a85b45"
  integrity sha512-/gGivxi8JPKWNm/W0jSmzcMPpfpPLc3dY/6GxhX2hQ9iGj3aDfklV4ET7NjKpSinLpJ5vafa9iiGIEZg10SfBw==
  dependencies:
    react-is "^16.7.0"

hyphenate-style-name@^1.0.2, hyphenate-style-name@^1.0.3:
  version "1.0.4"
  resolved "https://registry.yarnpkg.com/hyphenate-style-name/-/hyphenate-style-name-1.0.4.tgz#691879af8e220aea5750e8827db4ef62a54e361d"
  integrity sha512-ygGZLjmXfPHj+ZWh6LwbC37l43MhfztxetbFCoYTM2VjkIUpeHgSNn7QIyVFj7YQ1Wl9Cbw5sholVJPzWvC2MQ==

iconv-lite@^0.6.2:
  version "0.6.3"
  resolved "https://registry.yarnpkg.com/iconv-lite/-/iconv-lite-0.6.3.tgz#a52f80bf38da1952eb5c681790719871a1a72501"
  integrity sha512-4fCk79wshMdzMp2rH06qWrJE4iolqLhCUH+OiuIgU++RB0+94NlDL81atO7GX55uUKueo0txHNtvEyI6D7WdMw==
  dependencies:
    safer-buffer ">= 2.1.2 < 3.0.0"

inline-style-prefixer@^3.0.8:
  version "3.0.8"
  resolved "https://registry.yarnpkg.com/inline-style-prefixer/-/inline-style-prefixer-3.0.8.tgz#8551b8e5b4d573244e66a34b04f7d32076a2b534"
  integrity sha512-ne8XIyyqkRaNJ1JfL1NYzNdCNxq+MCBQhC8NgOQlzNm2vv3XxlP0VSLQUbSRCF6KPEoveCVEpayHoHzcMyZsMQ==
  dependencies:
    bowser "^1.7.3"
    css-in-js-utils "^2.0.0"

is-in-browser@^1.0.2, is-in-browser@^1.1.3:
  version "1.1.3"
  resolved "https://registry.yarnpkg.com/is-in-browser/-/is-in-browser-1.1.3.tgz#56ff4db683a078c6082eb95dad7dc62e1d04f835"
  integrity sha512-FeXIBgG/CPGd/WUxuEyvgGTEfwiG9Z4EKGxjNMRqviiIIfsmgrpnHLffEDdwUHqNva1VEW91o3xBT/m8Elgl9g==

is-stream@^1.0.1:
  version "1.1.0"
  resolved "https://registry.yarnpkg.com/is-stream/-/is-stream-1.1.0.tgz#12d4a3dd4e68e0b79ceb8dbc84173ae80d91ca44"
  integrity sha512-uQPm8kcs47jx38atAcWTVxyltQYoPT68y9aWYdV6yWXSyW8mzSat0TL6CiWdZeCdF3KrAvpVtnHbTv4RN+rqdQ==

isobject@^3.0.1:
  version "3.0.1"
  resolved "https://registry.yarnpkg.com/isobject/-/isobject-3.0.1.tgz#4e431e92b11a9731636aa1f9c8d1ccbcfdab78df"
  integrity sha512-WhB9zCku7EGTj/HQQRz5aUQEUeoQZH2bWcltRErOpymJ4boYE6wL9Tbr23krRPSZ+C5zqNSrSw+Cc7sZZ4b7vg==

isomorphic-fetch@^2.1.1:
  version "2.2.1"
  resolved "https://registry.yarnpkg.com/isomorphic-fetch/-/isomorphic-fetch-2.2.1.tgz#611ae1acf14f5e81f729507472819fe9733558a9"
  integrity sha512-9c4TNAKYXM5PRyVcwUZrF3W09nQ+sO7+jydgs4ZGW9dhsLG2VOlISJABombdQqQRXCwuYG3sYV/puGf5rp0qmA==
  dependencies:
    node-fetch "^1.0.1"
    whatwg-fetch ">=0.10.0"

"js-tokens@^3.0.0 || ^4.0.0":
  version "4.0.0"
  resolved "https://registry.yarnpkg.com/js-tokens/-/js-tokens-4.0.0.tgz#19203fb59991df98e3a287050d4647cdeaf32499"
  integrity sha512-RdJUflcE3cUzKiMqQgsCu06FPu9UdIJO0beYbPhHN4k6apgJtifcoCtT9bcxOpYBtpD2kCM6Sbzg4CausW/PKQ==

jss-plugin-camel-case@^10.5.1:
  version "10.10.0"
  resolved "https://registry.yarnpkg.com/jss-plugin-camel-case/-/jss-plugin-camel-case-10.10.0.tgz#27ea159bab67eb4837fa0260204eb7925d4daa1c"
  integrity sha512-z+HETfj5IYgFxh1wJnUAU8jByI48ED+v0fuTuhKrPR+pRBYS2EDwbusU8aFOpCdYhtRc9zhN+PJ7iNE8pAWyPw==
  dependencies:
    "@babel/runtime" "^7.3.1"
    hyphenate-style-name "^1.0.3"
    jss "10.10.0"

jss-plugin-default-unit@^10.5.1:
  version "10.10.0"
  resolved "https://registry.yarnpkg.com/jss-plugin-default-unit/-/jss-plugin-default-unit-10.10.0.tgz#db3925cf6a07f8e1dd459549d9c8aadff9804293"
  integrity sha512-SvpajxIECi4JDUbGLefvNckmI+c2VWmP43qnEy/0eiwzRUsafg5DVSIWSzZe4d2vFX1u9nRDP46WCFV/PXVBGQ==
  dependencies:
    "@babel/runtime" "^7.3.1"
    jss "10.10.0"

jss-plugin-global@^10.5.1:
  version "10.10.0"
  resolved "https://registry.yarnpkg.com/jss-plugin-global/-/jss-plugin-global-10.10.0.tgz#1c55d3c35821fab67a538a38918292fc9c567efd"
  integrity sha512-icXEYbMufiNuWfuazLeN+BNJO16Ge88OcXU5ZDC2vLqElmMybA31Wi7lZ3lf+vgufRocvPj8443irhYRgWxP+A==
  dependencies:
    "@babel/runtime" "^7.3.1"
    jss "10.10.0"

jss-plugin-nested@^10.5.1:
  version "10.10.0"
  resolved "https://registry.yarnpkg.com/jss-plugin-nested/-/jss-plugin-nested-10.10.0.tgz#db872ed8925688806e77f1fc87f6e62264513219"
  integrity sha512-9R4JHxxGgiZhurDo3q7LdIiDEgtA1bTGzAbhSPyIOWb7ZubrjQe8acwhEQ6OEKydzpl8XHMtTnEwHXCARLYqYA==
  dependencies:
    "@babel/runtime" "^7.3.1"
    jss "10.10.0"
    tiny-warning "^1.0.2"

jss-plugin-props-sort@^10.5.1:
  version "10.10.0"
  resolved "https://registry.yarnpkg.com/jss-plugin-props-sort/-/jss-plugin-props-sort-10.10.0.tgz#67f4dd4c70830c126f4ec49b4b37ccddb680a5d7"
  integrity sha512-5VNJvQJbnq/vRfje6uZLe/FyaOpzP/IH1LP+0fr88QamVrGJa0hpRRyAa0ea4U/3LcorJfBFVyC4yN2QC73lJg==
  dependencies:
    "@babel/runtime" "^7.3.1"
    jss "10.10.0"

jss-plugin-rule-value-function@^10.5.1:
  version "10.10.0"
  resolved "https://registry.yarnpkg.com/jss-plugin-rule-value-function/-/jss-plugin-rule-value-function-10.10.0.tgz#7d99e3229e78a3712f78ba50ab342e881d26a24b"
  integrity sha512-uEFJFgaCtkXeIPgki8ICw3Y7VMkL9GEan6SqmT9tqpwM+/t+hxfMUdU4wQ0MtOiMNWhwnckBV0IebrKcZM9C0g==
  dependencies:
    "@babel/runtime" "^7.3.1"
    jss "10.10.0"
    tiny-warning "^1.0.2"

jss-plugin-vendor-prefixer@^10.5.1:
  version "10.10.0"
  resolved "https://registry.yarnpkg.com/jss-plugin-vendor-prefixer/-/jss-plugin-vendor-prefixer-10.10.0.tgz#c01428ef5a89f2b128ec0af87a314d0c767931c7"
  integrity sha512-UY/41WumgjW8r1qMCO8l1ARg7NHnfRVWRhZ2E2m0DMYsr2DD91qIXLyNhiX83hHswR7Wm4D+oDYNC1zWCJWtqg==
  dependencies:
    "@babel/runtime" "^7.3.1"
    css-vendor "^2.0.8"
    jss "10.10.0"

jss@10.10.0, jss@^10.5.1:
  version "10.10.0"
  resolved "https://registry.yarnpkg.com/jss/-/jss-10.10.0.tgz#a75cc85b0108c7ac8c7b7d296c520a3e4fbc6ccc"
  integrity sha512-cqsOTS7jqPsPMjtKYDUpdFC0AbhYFLTcuGRqymgmdJIeQ8cH7+AgX7YSgQy79wXloZq2VvATYxUOUQEvS1V/Zw==
  dependencies:
    "@babel/runtime" "^7.3.1"
    csstype "^3.0.2"
    is-in-browser "^1.1.3"
    tiny-warning "^1.0.2"

keycode@^2.1.8:
  version "2.2.1"
  resolved "https://registry.yarnpkg.com/keycode/-/keycode-2.2.1.tgz#09c23b2be0611d26117ea2501c2c391a01f39eff"
  integrity sha512-Rdgz9Hl9Iv4QKi8b0OlCRQEzp4AgVxyCtz5S/+VIHezDmrDhkp2N2TqBWOLz0/gbeREXOOiI9/4b8BY9uw2vFg==

lodash.merge@^4.6.0:
  version "4.6.2"
  resolved "https://registry.yarnpkg.com/lodash.merge/-/lodash.merge-4.6.2.tgz#558aa53b43b661e1925a0afdfa36a9a1085fe57a"
  integrity sha512-0KpjqXRVvrYyCsX1swR/XTK0va6VQkQM6MNo7PqW77ByjAhoARA8EfrP1N4+KlKj8YS0ZUCtRT/YUuhyYDujIQ==

lodash.throttle@^4.1.1:
  version "4.1.1"
  resolved "https://registry.yarnpkg.com/lodash.throttle/-/lodash.throttle-4.1.1.tgz#c23e91b710242ac70c37f1e1cda9274cc39bf2f4"
  integrity sha512-wIkUCfVKpVsWo3JSZlc+8MB5it+2AN5W8J7YVMST30UrvcQNZ1Okbj+rbVniijTWE6FGYy4XJq/rHkas8qJMLQ==

loose-envify@^1.0.0, loose-envify@^1.3.1, loose-envify@^1.4.0:
  version "1.4.0"
  resolved "https://registry.yarnpkg.com/loose-envify/-/loose-envify-1.4.0.tgz#71ee51fa7be4caec1a63839f7e682d8132d30caf"
  integrity sha512-lyuxPGr/Wfhrlem2CL/UcnUc1zcqKAImBDzukY7Y5F/yQiNdko6+fRLevlw1HgMySw7f611UIY408EtxRSoK3Q==
  dependencies:
    js-tokens "^3.0.0 || ^4.0.0"

material-ui@^0.20.2:
  version "0.20.2"
  resolved "https://registry.yarnpkg.com/material-ui/-/material-ui-0.20.2.tgz#5fc9b4b62b691d3b16c89d8e54597a0412b52c7d"
  integrity sha512-VeqgQkdvtK193w+FFvXDEwlVxI4rWk83eWbpYLeOIHDPWr3rbB9B075JRnJt/8IsI2X8q5Aia5W3+7m4KkleDg==
  dependencies:
    babel-runtime "^6.23.0"
    inline-style-prefixer "^3.0.8"
    keycode "^2.1.8"
    lodash.merge "^4.6.0"
    lodash.throttle "^4.1.1"
    prop-types "^15.5.7"
    react-event-listener "^0.6.2"
    react-transition-group "^1.2.1"
    recompose "^0.26.0"
    simple-assign "^0.1.0"
    warning "^3.0.0"

mime-db@1.52.0:
  version "1.52.0"
  resolved "https://registry.yarnpkg.com/mime-db/-/mime-db-1.52.0.tgz#bbabcdc02859f4987301c856e3387ce5ec43bf70"
  integrity sha512-sPU4uV7dYlvtWJxwwxHD0PuihVNiE7TyAbQ5SWxDCB9mUYvOgroQOwYQQOKPJ8CIbE+1ETVlOoK1UC2nU3gYvg==

mime-types@^2.1.12:
  version "2.1.35"
  resolved "https://registry.yarnpkg.com/mime-types/-/mime-types-2.1.35.tgz#381a871b62a734450660ae3deee44813f70d959a"
  integrity sha512-ZDY+bPm5zTTF+YpCrAU9nK0UgICYPT0QtT1NZWFv4s++TNkcgVaT0g6+4R2uI4MjQjzysHB1zxuWL50hzaeXiw==
  dependencies:
    mime-db "1.52.0"

node-fetch@^1.0.1:
  version "1.7.3"
  resolved "https://registry.yarnpkg.com/node-fetch/-/node-fetch-1.7.3.tgz#980f6f72d85211a5347c6b2bc18c5b84c3eb47ef"
  integrity sha512-NhZ4CsKx7cYm2vSrBAr2PvFOe6sWDf0UYLRqA6svUYg7+/TSfVAu49jYC4BvQ4Sms9SZgdqGBgroqfDhJdTyKQ==
  dependencies:
    encoding "^0.1.11"
    is-stream "^1.0.1"

object-assign@^4.1.0, object-assign@^4.1.1:
  version "4.1.1"
  resolved "https://registry.yarnpkg.com/object-assign/-/object-assign-4.1.1.tgz#2109adc7965887cfc05cbbd442cac8bfbb360863"
  integrity sha512-rJgTQnkUnH1sFw8yT6VSU3zD3sWmu6sZhIseY8VX+GRu3P6F7Fu+JNDoXfklElbLJSnc3FUQHVe4cU5hj+BcUg==

popper.js@1.16.1-lts:
  version "1.16.1-lts"
  resolved "https://registry.yarnpkg.com/popper.js/-/popper.js-1.16.1-lts.tgz#cf6847b807da3799d80ee3d6d2f90df8a3f50b05"
  integrity sha512-Kjw8nKRl1m+VrSFCoVGPph93W/qrSO7ZkqPpTf7F4bk/sqcfWK019dWBUpE/fBOsOQY1dks/Bmcbfn1heM/IsA==

promise@^7.1.1:
  version "7.3.1"
  resolved "https://registry.yarnpkg.com/promise/-/promise-7.3.1.tgz#064b72602b18f90f29192b8b1bc418ffd1ebd3bf"
  integrity sha512-nolQXZ/4L+bP/UGlkfaIujX9BKxGwmQ9OT4mOt5yvy8iK1h3wqTEJCijzGANTCCl9nWjY41juyAn2K3Q1hLLTg==
  dependencies:
    asap "~2.0.3"

prop-types@^15.5.6, prop-types@^15.5.7, prop-types@^15.6.0, prop-types@^15.6.2, prop-types@^15.7.2, prop-types@^15.8.1:
  version "15.8.1"
  resolved "https://registry.yarnpkg.com/prop-types/-/prop-types-15.8.1.tgz#67d87bf1a694f48435cf332c24af10214a3140b5"
  integrity sha512-oj87CgZICdulUohogVAR7AjlC0327U4el4L6eAvOqCeudMDVU0NThNaV+b9Df4dXgSP1gXMTnPdhfe/2qDH5cg==
  dependencies:
    loose-envify "^1.4.0"
    object-assign "^4.1.1"
    react-is "^16.13.1"

proxy-from-env@^1.1.0:
  version "1.1.0"
  resolved "https://registry.yarnpkg.com/proxy-from-env/-/proxy-from-env-1.1.0.tgz#e102f16ca355424865755d2c9e8ea4f24d58c3e2"
  integrity sha512-D+zkORCbA9f1tdWRK0RaCR3GPv50cMxcrz4X8k5LTSUD1Dkw47mKJEZQNunItRTkWwgtaUSo1RVFRIG9ZXiFYg==

react-event-listener@^0.6.2:
  version "0.6.6"
  resolved "https://registry.yarnpkg.com/react-event-listener/-/react-event-listener-0.6.6.tgz#758f7b991cad9086dd39fd29fad72127e1d8962a"
  integrity sha512-+hCNqfy7o9wvO6UgjqFmBzARJS7qrNoda0VqzvOuioEpoEXKutiKuv92dSz6kP7rYLmyHPyYNLesi5t/aH1gfw==
  dependencies:
    "@babel/runtime" "^7.2.0"
    prop-types "^15.6.0"
    warning "^4.0.1"

react-is@^16.13.1, react-is@^16.7.0:
  version "16.13.1"
  resolved "https://registry.yarnpkg.com/react-is/-/react-is-16.13.1.tgz#789729a4dc36de2999dc156dd6c1d9c18cea56a4"
  integrity sha512-24e6ynE2H+OKt4kqsOvNd8kBpV65zoxbA4BVsEOB3ARVWQki/DHzaUoC5KuON/BiccDaCCTZBuOcfZs70kR8bQ==

"react-is@^16.8.0 || ^17.0.0":
  version "17.0.2"
  resolved "https://registry.yarnpkg.com/react-is/-/react-is-17.0.2.tgz#e691d4a8e9c789365655539ab372762b0efb54f0"
  integrity sha512-w2GsyukL62IJnlaff/nRegPQR94C/XXamvMWmSHRJ4y7Ts/4ocGRmTHvOs8PSE6pB3dWOrD/nueuU5sduBsQ4w==

react-is@^18.2.0:
  version "18.2.0"
  resolved "https://registry.yarnpkg.com/react-is/-/react-is-18.2.0.tgz#199431eeaaa2e09f86427efbb4f1473edb47609b"
  integrity sha512-xWGDIW6x921xtzPkhiULtthJHoJvBbF3q26fzloPCK0hsvxtPVelvftw3zjbHWSkR2km9Z+4uxbDDK/6Zw9B8w==

react-transition-group@^1.2.1:
  version "1.2.1"
  resolved "https://registry.yarnpkg.com/react-transition-group/-/react-transition-group-1.2.1.tgz#e11f72b257f921b213229a774df46612346c7ca6"
  integrity sha512-CWaL3laCmgAFdxdKbhhps+c0HRGF4c+hdM4H23+FI1QBNUyx/AMeIJGWorehPNSaKnQNOAxL7PQmqMu78CDj3Q==
  dependencies:
    chain-function "^1.0.0"
    dom-helpers "^3.2.0"
    loose-envify "^1.3.1"
    prop-types "^15.5.6"
    warning "^3.0.0"

react-transition-group@^4.4.0, react-transition-group@^4.4.5:
  version "4.4.5"
  resolved "https://registry.yarnpkg.com/react-transition-group/-/react-transition-group-4.4.5.tgz#e53d4e3f3344da8521489fbef8f2581d42becdd1"
  integrity sha512-pZcd1MCJoiKiBR2NRxeCRg13uCXbydPnmB4EOeRrY7480qNWO8IIgQG6zlDkm6uRMsURXPuKq0GWtiM59a5Q6g==
  dependencies:
    "@babel/runtime" "^7.5.5"
    dom-helpers "^5.0.1"
    loose-envify "^1.4.0"
    prop-types "^15.6.2"

recompose@^0.26.0:
  version "0.26.0"
  resolved "https://registry.yarnpkg.com/recompose/-/recompose-0.26.0.tgz#9babff039cb72ba5bd17366d55d7232fbdfb2d30"
  integrity sha512-KwOu6ztO0mN5vy3+zDcc45lgnaUoaQse/a5yLVqtzTK13czSWnFGmXbQVmnoMgDkI5POd1EwIKSbjU1V7xdZog==
  dependencies:
    change-emitter "^0.1.2"
    fbjs "^0.8.1"
    hoist-non-react-statics "^2.3.1"
    symbol-observable "^1.0.4"

redux@^4.2.1:
  version "4.2.1"
  resolved "https://registry.yarnpkg.com/redux/-/redux-4.2.1.tgz#c08f4306826c49b5e9dc901dee0452ea8fce6197"
  integrity sha512-LAUYz4lc+Do8/g7aeRa8JkyDErK6ekstQaqWQrNRW//MY1TvCEpMtpTWvlQ+FPbWCx+Xixu/6SHt5N0HR+SB4w==
  dependencies:
    "@babel/runtime" "^7.9.2"

regenerator-runtime@^0.11.0:
  version "0.11.1"
  resolved "https://registry.yarnpkg.com/regenerator-runtime/-/regenerator-runtime-0.11.1.tgz#be05ad7f9bf7d22e056f9726cee5017fbf19e2e9"
  integrity sha512-MguG95oij0fC3QV3URf4V2SDYGJhJnJGqvIIgdECeODCT98wSWDAJ94SSuVpYQUoTcGUIL6L4yNB7j1DFFHSBg==

regenerator-runtime@^0.13.11:
  version "0.13.11"
  resolved "https://registry.yarnpkg.com/regenerator-runtime/-/regenerator-runtime-0.13.11.tgz#f6dca3e7ceec20590d07ada785636a90cdca17f9"
  integrity sha512-kY1AZVr2Ra+t+piVaJ4gxaFaReZVH40AKNo7UCX6W+dEwBo/2oZJzqfuN1qLq1oL45o56cPaTXELwrTh8Fpggg==

"safer-buffer@>= 2.1.2 < 3.0.0":
  version "2.1.2"
  resolved "https://registry.yarnpkg.com/safer-buffer/-/safer-buffer-2.1.2.tgz#44fa161b0187b9549dd84bb91802f9bd8385cd6a"
  integrity sha512-YZo3K82SD7Riyi0E1EQPojLz7kpepnSQI9IyPbHHg1XXXevb5dJI7tpyN2ADxGcQbHG7vcyRHk0cbwqcQriUtg==

setimmediate@^1.0.5:
  version "1.0.5"
  resolved "https://registry.yarnpkg.com/setimmediate/-/setimmediate-1.0.5.tgz#290cbb232e306942d7d7ea9b83732ab7856f8285"
  integrity sha512-MATJdZp8sLqDl/68LfQmbP8zKPLQNV6BIZoIgrscFDQ+RsvK/BxeDQOgyxKKoh0y/8h3BqVFnCqQ/gd+reiIXA==

simple-assign@^0.1.0:
  version "0.1.0"
  resolved "https://registry.yarnpkg.com/simple-assign/-/simple-assign-0.1.0.tgz#17fd3066a5f3d7738f50321bb0f14ca281cc4baa"
  integrity sha512-otdSSQzuVsmDoe5MnSm4ZgHd5sl0ak6A1CTjW1R/DUHQ8xoZuU1NUzf9x6n9Dvp3nxpvW51WNMQ/7rQ9432xDg==

stylis@4.1.3:
  version "4.1.3"
  resolved "https://registry.yarnpkg.com/stylis/-/stylis-4.1.3.tgz#fd2fbe79f5fed17c55269e16ed8da14c84d069f7"
  integrity sha512-GP6WDNWf+o403jrEp9c5jibKavrtLW+/qYGhFxFrG8maXhwTBI7gLLhiBb0o7uFccWN+EOS9aMO6cGHWAO07OA==

symbol-observable@^1.0.4:
  version "1.2.0"
  resolved "https://registry.yarnpkg.com/symbol-observable/-/symbol-observable-1.2.0.tgz#c22688aed4eab3cdc2dfeacbb561660560a00804"
  integrity sha512-e900nM8RRtGhlV36KGEU9k65K3mPb1WV70OdjfxlG2EAuM1noi/E/BaW/uMhL7bPEssK8QV57vN3esixjUvcXQ==

tiny-warning@^1.0.2:
  version "1.0.3"
  resolved "https://registry.yarnpkg.com/tiny-warning/-/tiny-warning-1.0.3.tgz#94a30db453df4c643d0fd566060d60a875d84754"
  integrity sha512-lBN9zLN/oAf68o3zNXYrdCt1kP8WsiGW8Oo2ka41b2IM5JL/S1CTyX1rW0mb/zSuJun0ZUrDxx4sqvYS2FWzPA==

ua-parser-js@^0.7.30:
  version "0.7.34"
  resolved "https://registry.yarnpkg.com/ua-parser-js/-/ua-parser-js-0.7.34.tgz#afb439e2e3e394bdc90080acb661a39c685b67d7"
  integrity sha512-cJMeh/eOILyGu0ejgTKB95yKT3zOenSe9UGE3vj6WfiOwgGYnmATUsnDixMFvdU+rNMvWih83hrUP8VwhF9yXQ==

warning@^3.0.0:
  version "3.0.0"
  resolved "https://registry.yarnpkg.com/warning/-/warning-3.0.0.tgz#32e5377cb572de4ab04753bdf8821c01ed605b7c"
  integrity sha512-jMBt6pUrKn5I+OGgtQ4YZLdhIeJmObddh6CsibPxyQ5yPZm1XExSyzC1LCNX7BzhxWgiHmizBWJTHJIjMjTQYQ==
  dependencies:
    loose-envify "^1.0.0"

warning@^4.0.1:
  version "4.0.3"
  resolved "https://registry.yarnpkg.com/warning/-/warning-4.0.3.tgz#16e9e077eb8a86d6af7d64aa1e05fd85b4678ca3"
  integrity sha512-rpJyN222KWIvHJ/F53XSZv0Zl/accqHR8et1kpaMTD/fLCRxtV8iX8czMzY7sVZupTI3zcUTg8eycS2kNF9l6w==
  dependencies:
    loose-envify "^1.0.0"

whatwg-fetch@>=0.10.0:
  version "3.6.2"
  resolved "https://registry.yarnpkg.com/whatwg-fetch/-/whatwg-fetch-3.6.2.tgz#dced24f37f2624ed0281725d51d0e2e3fe677f8c"
  integrity sha512-bJlen0FcuU/0EMLrdbJ7zOnW6ITZLrZMIarMUVmdKtsGvZna8vxKYaexICWPfZ8qwf9fzNq+UEIZrnSaApt6RA==
